# This file is autogenerated, do not edit; changes may be undone by the next 'dep ensure'.


[[projects]]
  name = "baliance.com/gooxml"
  packages = [
    ".",
    "algo",
    "color",
    "common",
    "document",
    "measurement",
    "schema/soo/dml",
    "schema/soo/dml/picture",
    "schema/soo/ofc/docPropsVTypes",
    "schema/soo/ofc/extended_properties",
    "schema/soo/ofc/math",
    "schema/soo/ofc/sharedTypes",
    "schema/soo/pkg/content_types",
    "schema/soo/pkg/metadata/core_properties",
    "schema/soo/pkg/relationships",
    "schema/soo/schemaLibrary",
    "schema/soo/wml",
    "zippkg"
  ]
  revision = "26fad5d249947d1859a4c3849fe74128728c832f"
  version = "v0.7.0"

[[projects]]
  name = "github.com/russross/blackfriday"
  packages = ["."]
  revision = "cadec560ec52d93835bf2f15bd794700d3a2473b"
  version = "v2.0.0"

[[projects]]
  branch = "master"
  name = "github.com/shurcooL/sanitized_anchor_name"
  packages = ["."]
  revision = "86672fcb3f950f35f2e675df2240550f2a50762f"

[solve-meta]
  analyzer-name = "dep"
  analyzer-version = 1
  inputs-digest = "1ae9d87ab6215e2d9e21fb59b5cbd1df582c714bc5f6b9a2043aa70a541488cf"
  solver-name = "gps-cdcl"
  solver-version = 1
